
Microsoft Visual Studio Solution File, Format Version 12.00
# Visual Studio Version 16
VisualStudioVersion = 16.0.30011.22
MinimumVisualStudioVersion = 10.0.40219.1
Project("{9A19103F-16F7-4668-BE54-9A1E7A4F7556}") = "LineEditor", "LineEditor\LineEditor.csproj", "{B19012AC-AF09-498C-A424-8AC01FE8623E}"
EndProject
Global
	GlobalSection(SolutionConfigurationPlatforms) = preSolution
		Debug|Any CPU = Debug|Any CPU
		Release|Any CPU = Release|Any CPU
	EndGlobalSection
	GlobalSection(ProjectConfigurationPlatforms) = postSolution
		{B19012AC-AF09-498C-A424-8AC01FE8623E}.Debug|Any CPU.ActiveCfg = Debug|Any CPU
		{B19012AC-AF09-498C-A424-8AC01FE8623E}.Debug|Any CPU.Build.0 = Debug|Any CPU
		{B19012AC-AF09-498C-A424-8AC01FE8623E}.Release|Any CPU.ActiveCfg = Release|Any CPU
	EndGlobalSection
	GlobalSection(SolutionProperties) = preSolution
		HideSolutionNode = FALSE
	EndGlobalSection
	GlobalSection(ExtensibilityGlobals) = postSolution
		SolutionGuid = {4F3D7C45-1017-4C12-A046-C0345BAC464B}
	EndGlobalSection
EndGlobal
